
Microsoft Visual Studio Solution File, Format Version 12.00
# Visual Studio Version 17
VisualStudioVersion = 17.3.32901.215
MinimumVisualStudioVersion = 10.0.40219.1
Project("{FAE04EC0-301F-11D3-BF4B-00C04F79EFBC}") = "TP2", "TP2\TP2.csproj", "{908EAC92-B08D-455E-A75A-A3046C28ADA4}"
EndProject
Global
	GlobalSection(SolutionConfigurationPlatforms) = preSolution
		Debug|Any CPU = Debug|Any CPU
		Release|Any CPU = Release|Any CPU
	EndGlobalSection
	GlobalSection(ProjectConfigurationPlatforms) = postSolution
		{908EAC92-B08D-455E-A75A-A3046C28ADA4}.Debug|Any CPU.ActiveCfg = Debug|Any CPU
		{908EAC92-B08D-455E-A75A-A3046C28ADA4}.Debug|Any CPU.Build.0 = Debug|Any CPU
		{908EAC92-B08D-455E-A75A-A3046C28ADA4}.Release|Any CPU.ActiveCfg = Release|Any CPU
		{908EAC92-B08D-455E-A75A-A3046C28ADA4}.Release|Any CPU.Build.0 = Release|Any CPU
	EndGlobalSection
	GlobalSection(SolutionProperties) = preSolution
		HideSolutionNode = FALSE
	EndGlobalSection
	GlobalSection(ExtensibilityGlobals) = postSolution
		SolutionGuid = {B803F41E-83CF-40FF-890F-7FBC45A73D7A}
	EndGlobalSection
EndGlobal
